// !$*UTF8*$!
{
	archiveVersion = 1;
	classes = {
	};
	objectVersion = 50;
	objects = {

/* Begin PBXBuildFile section */
		4653A59C24B9E78A000C1515 /* AppDelegate.swift in Sources */ = {isa = PBXBuildFile; fileRef = 4653A59B24B9E78A000C1515 /* AppDelegate.swift */; };
		4653A59E24B9E78A000C1515 /* SceneDelegate.swift in Sources */ = {isa = PBXBuildFile; fileRef = 4653A59D24B9E78A000C1515 /* SceneDelegate.swift */; };
		4653A5A024B9E78A000C1515 /* ViewController.swift in Sources */ = {isa = PBXBuildFile; fileRef = 4653A59F24B9E78A000C1515 /* ViewController.swift */; };
		4653A5A324B9E78A000C1515 /* Main.storyboard in Resources */ = {isa = PBXBuildFile; fileRef = 4653A5A124B9E78A000C1515 /* Main.storyboard */; };
		4653A5A524B9E78D000C1515 /* Assets.xcassets in Resources */ = {isa = PBXBuildFile; fileRef = 4653A5A424B9E78D000C1515 /* Assets.xcassets */; };
		4653A5A824B9E78D000C1515 /* LaunchScreen.storyboard in Resources */ = {isa = PBXBuildFile; fileRef = 4653A5A624B9E78D000C1515 /* LaunchScreen.storyboard */; };
		4653A5B324B9E78E000C1515 /* FriendFaceTests.swift in Sources */ = {isa = PBXBuildFile; fileRef = 4653A5B224B9E78E000C1515 /* FriendFaceTests.swift */; };
		4653A5BE24B9E81F000C1515 /* Friend.swift in Sources */ = {isa = PBXBuildFile; fileRef = 4653A5BD24B9E81F000C1515 /* Friend.swift */; };
		4653A5C024B9E87E000C1515 /* Connection.swift in Sources */ = {isa = PBXBuildFile; fileRef = 4653A5BF24B9E87E000C1515 /* Connection.swift */; };
		4653A5C224B9ECEB000C1515 /* JSONDecoder-Remote.swift in Sources */ = {isa = PBXBuildFile; fileRef = 4653A5C124B9ECEB000C1515 /* JSONDecoder-Remote.swift */; };
		4653A5C424B9EE7B000C1515 /* FriendDataSource.swift in Sources */ = {isa = PBXBuildFile; fileRef = 4653A5C324B9EE7B000C1515 /* FriendDataSource.swift */; };
/* End PBXBuildFile section */

/* Begin PBXContainerItemProxy section */
		4653A5AF24B9E78E000C1515 /* PBXContainerItemProxy */ = {
			isa = PBXContainerItemProxy;
			containerPortal = 4653A59024B9E78A000C1515 /* Project object */;
			proxyType = 1;
			remoteGlobalIDString = 4653A59724B9E78A000C1515;
			remoteInfo = FriendFace;
		};
/* End PBXContainerItemProxy section */

/* Begin PBXFileReference section */
		4653A59824B9E78A000C1515 /* FriendFace.app */ = {isa = PBXFileReference; explicitFileType = wrapper.application; includeInIndex = 0; path = FriendFace.app; sourceTree = BUILT_PRODUCTS_DIR; };
		4653A59B24B9E78A000C1515 /* AppDelegate.swift */ = {isa = PBXFileReference; lastKnownFileType = sourcecode.swift; path = AppDelegate.swift; sourceTree = "<group>"; };
		4653A59D24B9E78A000C1515 /* SceneDelegate.swift */ = {isa = PBXFileReference; lastKnownFileType = sourcecode.swift; path = SceneDelegate.swift; sourceTree = "<group>"; };
		4653A59F24B9E78A000C1515 /* ViewController.swift */ = {isa = PBXFileReference; lastKnownFileType = sourcecode.swift; path = ViewController.swift; sourceTree = "<group>"; };
		4653A5A224B9E78A000C1515 /* Base */ = {isa = PBXFileReference; lastKnownFileType = file.storyboard; name = Base; path = Base.lproj/Main.storyboard; sourceTree = "<group>"; };
		4653A5A424B9E78D000C1515 /* Assets.xcassets */ = {isa = PBXFileReference; lastKnownFileType = folder.assetcatalog; path = Assets.xcassets; sourceTree = "<group>"; };
		4653A5A724B9E78D000C1515 /* Base */ = {isa = PBXFileReference; lastKnownFileType = file.storyboard; name = Base; path = Base.lproj/LaunchScreen.storyboard; sourceTree = "<group>"; };
		4653A5A924B9E78D000C1515 /* Info.plist */ = {isa = PBXFileReference; lastKnownFileType = text.plist.xml; path = Info.plist; sourceTree = "<group>"; };
		4653A5AE24B9E78E000C1515 /* FriendFaceTests.xctest */ = {isa = PBXFileReference; explicitFileType = wrapper.cfbundle; includeInIndex = 0; path = FriendFaceTests.xctest; sourceTree = BUILT_PRODUCTS_DIR; };
		4653A5B224B9E78E000C1515 /* FriendFaceTests.swift */ = {isa = PBXFileReference; lastKnownFileType = sourcecode.swift; path = FriendFaceTests.swift; sourceTree = "<group>"; };
		4653A5B424B9E78E000C1515 /* Info.plist */ = {isa = PBXFileReference; lastKnownFileType = text.plist.xml; path = Info.plist; sourceTree = "<group>"; };
		4653A5BD24B9E81F000C1515 /* Friend.swift */ = {isa = PBXFileReference; lastKnownFileType = sourcecode.swift; path = Friend.swift; sourceTree = "<group>"; };
		4653A5BF24B9E87E000C1515 /* Connection.swift */ = {isa = PBXFileReference; lastKnownFileType = sourcecode.swift; path = Connection.swift; sourceTree = "<group>"; };
		4653A5C124B9ECEB000C1515 /* JSONDecoder-Remote.swift */ = {isa = PBXFileReference; lastKnownFileType = sourcecode.swift; path = "JSONDecoder-Remote.swift"; sourceTree = "<group>"; };
		4653A5C324B9EE7B000C1515 /* FriendDataSource.swift */ = {isa = PBXFileReference; lastKnownFileType = sourcecode.swift; path = FriendDataSource.swift; sourceTree = "<group>"; };
/* End PBXFileReference section */

/* Begin PBXFrameworksBuildPhase section */
		4653A59524B9E78A000C1515 /* Frameworks */ = {
			isa = PBXFrameworksBuildPhase;
			buildActionMask = 2147483647;
			files = (
			);
			runOnlyForDeploymentPostprocessing = 0;
		};
		4653A5AB24B9E78E000C1515 /* Frameworks */ = {
			isa = PBXFrameworksBuildPhase;
			buildActionMask = 2147483647;
			files = (
			);
			runOnlyForDeploymentPostprocessing = 0;
		};
/* End PBXFrameworksBuildPhase section */

/* Begin PBXGroup section */
		4653A58F24B9E78A000C1515 = {
			isa = PBXGroup;
			children = (
				4653A59A24B9E78A000C1515 /* FriendFace */,
				4653A5B124B9E78E000C1515 /* FriendFaceTests */,
				4653A59924B9E78A000C1515 /* Products */,
			);
			sourceTree = "<group>";
		};
		4653A59924B9E78A000C1515 /* Products */ = {
			isa = PBXGroup;
			children = (
				4653A59824B9E78A000C1515 /* FriendFace.app */,
				4653A5AE24B9E78E000C1515 /* FriendFaceTests.xctest */,
			);
			name = Products;
			sourceTree = "<group>";
		};
		4653A59A24B9E78A000C1515 /* FriendFace */ = {
			isa = PBXGroup;
			children = (
				4653A59B24B9E78A000C1515 /* AppDelegate.swift */,
				4653A59D24B9E78A000C1515 /* SceneDelegate.swift */,
				4653A59F24B9E78A000C1515 /* ViewController.swift */,
				4653A5C324B9EE7B000C1515 /* FriendDataSource.swift */,
				4653A5C124B9ECEB000C1515 /* JSONDecoder-Remote.swift */,
				4653A5A124B9E78A000C1515 /* Main.storyboard */,
				4653A5BD24B9E81F000C1515 /* Friend.swift */,
				4653A5BF24B9E87E000C1515 /* Connection.swift */,
				4653A5A424B9E78D000C1515 /* Assets.xcassets */,
				4653A5A624B9E78D000C1515 /* LaunchScreen.storyboard */,
				4653A5A924B9E78D000C1515 /* Info.plist */,
			);
			path = FriendFace;
			sourceTree = "<group>";
		};
		4653A5B124B9E78E000C1515 /* FriendFaceTests */ = {
			isa = PBXGroup;
			children = (
				4653A5B224B9E78E000C1515 /* FriendFaceTests.swift */,
				4653A5B424B9E78E000C1515 /* Info.plist */,
			);
			path = FriendFaceTests;
			sourceTree = "<group>";
		};
/* End PBXGroup section */

/* Begin PBXNativeTarget section */
		4653A59724B9E78A000C1515 /* FriendFace */ = {
			isa = PBXNativeTarget;
			buildConfigurationList = 4653A5B724B9E78E000C1515 /* Build configuration list for PBXNativeTarget "FriendFace" */;
			buildPhases = (
				4653A59424B9E78A000C1515 /* Sources */,
				4653A59524B9E78A000C1515 /* Frameworks */,
				4653A59624B9E78A000C1515 /* Resources */,
			);
			buildRules = (
			);
			dependencies = (
			);
			name = FriendFace;
			productName = FriendFace;
			productReference = 4653A59824B9E78A000C1515 /* FriendFace.app */;
			productType = "com.apple.product-type.application";
		};
		4653A5AD24B9E78E000C1515 /* FriendFaceTests */ = {
			isa = PBXNativeTarget;
			buildConfigurationList = 4653A5BA24B9E78E000C1515 /* Build configuration list for PBXNativeTarget "FriendFaceTests" */;
			buildPhases = (
				4653A5AA24B9E78E000C1515 /* Sources */,
				4653A5AB24B9E78E000C1515 /* Frameworks */,
				4653A5AC24B9E78E000C1515 /* Resources */,
			);
			buildRules = (
			);
			dependencies = (
				4653A5B024B9E78E000C1515 /* PBXTargetDependency */,
			);
			name = FriendFaceTests;
			productName = FriendFaceTests;
			productReference = 4653A5AE24B9E78E000C1515 /* FriendFaceTests.xctest */;
			productType = "com.apple.product-type.bundle.unit-test";
		};
/* End PBXNativeTarget section */

/* Begin PBXProject section */
		4653A59024B9E78A000C1515 /* Project object */ = {
			isa = PBXProject;
			attributes = {
				LastSwiftUpdateCheck = 1150;
				LastUpgradeCheck = 1150;
				ORGANIZATIONNAME = "Oliver Lippold";
				TargetAttributes = {
					4653A59724B9E78A000C1515 = {
						CreatedOnToolsVersion = 11.5;
					};
					4653A5AD24B9E78E000C1515 = {
						CreatedOnToolsVersion = 11.5;
						TestTargetID = 4653A59724B9E78A000C1515;
					};
				};
			};
			buildConfigurationList = 4653A59324B9E78A000C1515 /* Build configuration list for PBXProject "FriendFace" */;
			compatibilityVersion = "Xcode 9.3";
			developmentRegion = en;
			hasScannedForEncodings = 0;
			knownRegions = (
				en,
				Base,
			);
			mainGroup = 4653A58F24B9E78A000C1515;
			productRefGroup = 4653A59924B9E78A000C1515 /* Products */;
			projectDirPath = "";
			projectRoot = "";
			targets = (
				4653A59724B9E78A000C1515 /* FriendFace */,
				4653A5AD24B9E78E000C1515 /* FriendFaceTests */,
			);
		};
/* End PBXProject section */

/* Begin PBXResourcesBuildPhase section */
		4653A59624B9E78A000C1515 /* Resources */ = {
			isa = PBXResourcesBuildPhase;
			buildActionMask = 2147483647;
			files = (
				4653A5A824B9E78D000C1515 /* LaunchScreen.storyboard in Resources */,
				4653A5A524B9E78D000C1515 /* Assets.xcassets in Resources */,
				4653A5A324B9E78A000C1515 /* Main.storyboard in Resources */,
			);
			runOnlyForDeploymentPostprocessing = 0;
		};
		4653A5AC24B9E78E000C1515 /* Resources */ = {
			isa = PBXResourcesBuildPhase;
			buildActionMask = 2147483647;
			files = (
			);
			runOnlyForDeploymentPostprocessing = 0;
		};
/* End PBXResourcesBuildPhase section */

/* Begin PBXSourcesBuildPhase section */
		4653A59424B9E78A000C1515 /* Sources */ = {
			isa = PBXSourcesBuildPhase;
			buildActionMask = 2147483647;
			files = (
				4653A5C224B9ECEB000C1515 /* JSONDecoder-Remote.swift in Sources */,
				4653A5A024B9E78A000C1515 /* ViewController.swift in Sources */,
				4653A59C24B9E78A000C1515 /* AppDelegate.swift in Sources */,
				4653A5C024B9E87E000C1515 /* Connection.swift in Sources */,
				4653A5C424B9EE7B000C1515 /* FriendDataSource.swift in Sources */,
				4653A59E24B9E78A000C1515 /* SceneDelegate.swift in Sources */,
				4653A5BE24B9E81F000C1515 /* Friend.swift in Sources */,
			);
			runOnlyForDeploymentPostprocessing = 0;
		};
		4653A5AA24B9E78E000C1515 /* Sources */ = {
			isa = PBXSourcesBuildPhase;
			buildActionMask = 2147483647;
			files = (
				4653A5B324B9E78E000C1515 /* FriendFaceTests.swift in Sources */,
			);
			runOnlyForDeploymentPostprocessing = 0;
		};
/* End PBXSourcesBuildPhase section */

/* Begin PBXTargetDependency section */
		4653A5B024B9E78E000C1515 /* PBXTargetDependency */ = {
			isa = PBXTargetDependency;
			target = 4653A59724B9E78A000C1515 /* FriendFace */;
			targetProxy = 4653A5AF24B9E78E000C1515 /* PBXContainerItemProxy */;
		};
/* End PBXTargetDependency section */

/* Begin PBXVariantGroup section */
		4653A5A124B9E78A000C1515 /* Main.storyboard */ = {
			isa = PBXVariantGroup;
			children = (
				4653A5A224B9E78A000C1515 /* Base */,
			);
			name = Main.storyboard;
			sourceTree = "<group>";
		};
		4653A5A624B9E78D000C1515 /* LaunchScreen.storyboard */ = {
			isa = PBXVariantGroup;
			children = (
				4653A5A724B9E78D000C1515 /* Base */,
			);
			name = LaunchScreen.storyboard;
			sourceTree = "<group>";
		};
/* End PBXVariantGroup section */

/* Begin XCBuildConfiguration section */
		4653A5B524B9E78E000C1515 /* Debug */ = {
			isa = XCBuildConfiguration;
			buildSettings = {
				ALWAYS_SEARCH_USER_PATHS = NO;
				CLANG_ANALYZER_NONNULL = YES;
				CLANG_ANALYZER_NUMBER_OBJECT_CONVERSION = YES_AGGRESSIVE;
				CLANG_CXX_LANGUAGE_STANDARD = "gnu++14";
				CLANG_CXX_LIBRARY = "libc++";
				CLANG_ENABLE_MODULES = YES;
				CLANG_ENABLE_OBJC_ARC = YES;
				CLANG_ENABLE_OBJC_WEAK = YES;
				CLANG_WARN_BLOCK_CAPTURE_AUTORELEASING = YES;
				CLANG_WARN_BOOL_CONVERSION = YES;
				CLANG_WARN_COMMA = YES;
				CLANG_WARN_CONSTANT_CONVERSION = YES;
				CLANG_WARN_DEPRECATED_OBJC_IMPLEMENTATIONS = YES;
				CLANG_WARN_DIRECT_OBJC_ISA_USAGE = YES_ERROR;
				CLANG_WARN_DOCUMENTATION_COMMENTS = YES;
				CLANG_WARN_EMPTY_BODY = YES;
				CLANG_WARN_ENUM_CONVERSION = YES;
				CLANG_WARN_INFINITE_RECURSION = YES;
				CLANG_WARN_INT_CONVERSION = YES;
				CLANG_WARN_NON_LITERAL_NULL_CONVERSION = YES;
				CLANG_WARN_OBJC_IMPLICIT_RETAIN_SELF = YES;
				CLANG_WARN_OBJC_LITERAL_CONVERSION = YES;
				CLANG_WARN_OBJC_ROOT_CLASS = YES_ERROR;
				CLANG_WARN_RANGE_LOOP_ANALYSIS = YES;
				CLANG_WARN_STRICT_PROTOTYPES = YES;
				CLANG_WARN_SUSPICIOUS_MOVE = YES;
				CLANG_WARN_UNGUARDED_AVAILABILITY = YES_AGGRESSIVE;
				CLANG_WARN_UNREACHABLE_CODE = YES;
				CLANG_WARN__DUPLICATE_METHOD_MATCH = YES;
				COPY_PHASE_STRIP = NO;
				DEBUG_INFORMATION_FORMAT = dwarf;
				ENABLE_STRICT_OBJC_MSGSEND = YES;
				ENABLE_TESTABILITY = YES;
				GCC_C_LANGUAGE_STANDARD = gnu11;
				GCC_DYNAMIC_NO_PIC = NO;
				GCC_NO_COMMON_BLOCKS = YES;
				GCC_OPTIMIZATION_LEVEL = 0;
				GCC_PREPROCESSOR_DEFINITIONS = (
					"DEBUG=1",
					"$(inherited)",
				);
				GCC_WARN_64_TO_32_BIT_CONVERSION = YES;
				GCC_WARN_ABOUT_RETURN_TYPE = YES_ERROR;
				GCC_WARN_UNDECLARED_SELECTOR = YES;
				GCC_WARN_UNINITIALIZED_AUTOS = YES_AGGRESSIVE;
				GCC_WARN_UNUSED_FUNCTION = YES;
				GCC_WARN_UNUSED_VARIABLE = YES;
				IPHONEOS_DEPLOYMENT_TARGET = 13.5;
				MTL_ENABLE_DEBUG_INFO = INCLUDE_SOURCE;
				MTL_FAST_MATH = YES;
				ONLY_ACTIVE_ARCH = YES;
				SDKROOT = iphoneos;
				SWIFT_ACTIVE_COMPILATION_CONDITIONS = DEBUG;
				SWIFT_OPTIMIZATION_LEVEL = "-Onone";
			};
			name = Debug;
		};
		4653A5B624B9E78E000C1515 /* Release */ = {
			isa = XCBuildConfiguration;
			buildSettings = {
				ALWAYS_SEARCH_USER_PATHS = NO;
				CLANG_ANALYZER_NONNULL = YES;
				CLANG_ANALYZER_NUMBER_OBJECT_CONVERSION = YES_AGGRESSIVE;
				CLANG_CXX_LANGUAGE_STANDARD = "gnu++14";
				CLANG_CXX_LIBRARY = "libc++";
				CLANG_ENABLE_MODULES = YES;
				CLANG_ENABLE_OBJC_ARC = YES;
				CLANG_ENABLE_OBJC_WEAK = YES;
				CLANG_WARN_BLOCK_CAPTURE_AUTORELEASING = YES;
				CLANG_WARN_BOOL_CONVERSION = YES;
				CLANG_WARN_COMMA = YES;
				CLANG_WARN_CONSTANT_CONVERSION = YES;
				CLANG_WARN_DEPRECATED_OBJC_IMPLEMENTATIONS = YES;
				CLANG_WARN_DIRECT_OBJC_ISA_USAGE = YES_ERROR;
				CLANG_WARN_DOCUMENTATION_COMMENTS = YES;
				CLANG_WARN_EMPTY_BODY = YES;
				CLANG_WARN_ENUM_CONVERSION = YES;
				CLANG_WARN_INFINITE_RECURSION = YES;
				CLANG_WARN_INT_CONVERSION = YES;
				CLANG_WARN_NON_LITERAL_NULL_CONVERSION = YES;
				CLANG_WARN_OBJC_IMPLICIT_RETAIN_SELF = YES;
				CLANG_WARN_OBJC_LITERAL_CONVERSION = YES;
				CLANG_WARN_OBJC_ROOT_CLASS = YES_ERROR;
				CLANG_WARN_RANGE_LOOP_ANALYSIS = YES;
				CLANG_WARN_STRICT_PROTOTYPES = YES;
				CLANG_WARN_SUSPICIOUS_MOVE = YES;
				CLANG_WARN_UNGUARDED_AVAILABILITY = YES_AGGRESSIVE;
				CLANG_WARN_UNREACHABLE_CODE = YES;
				CLANG_WARN__DUPLICATE_METHOD_MATCH = YES;
				COPY_PHASE_STRIP = NO;
				DEBUG_INFORMATION_FORMAT = "dwarf-with-dsym";
				ENABLE_NS_ASSERTIONS = NO;
				ENABLE_STRICT_OBJC_MSGSEND = YES;
				GCC_C_LANGUAGE_STANDARD = gnu11;
				GCC_NO_COMMON_BLOCKS = YES;
				GCC_WARN_64_TO_32_BIT_CONVERSION = YES;
				GCC_WARN_ABOUT_RETURN_TYPE = YES_ERROR;
				GCC_WARN_UNDECLARED_SELECTOR = YES;
				GCC_WARN_UNINITIALIZED_AUTOS = YES_AGGRESSIVE;
				GCC_WARN_UNUSED_FUNCTION = YES;
				GCC_WARN_UNUSED_VARIABLE = YES;
				IPHONEOS_DEPLOYMENT_TARGET = 13.5;
				MTL_ENABLE_DEBUG_INFO = NO;
				MTL_FAST_MATH = YES;
				SDKROOT = iphoneos;
				SWIFT_COMPILATION_MODE = wholemodule;
				SWIFT_OPTIMIZATION_LEVEL = "-O";
				VALIDATE_PRODUCT = YES;
			};
			name = Release;
		};
		4653A5B824B9E78E000C1515 /* Debug */ = {
			isa = XCBuildConfiguration;
			buildSettings = {
				ASSETCATALOG_COMPILER_APPICON_NAME = AppIcon;
				CODE_SIGN_STYLE = Automatic;
				DEVELOPMENT_TEAM = 73MP3ATTJU;
				INFOPLIST_FILE = FriendFace/Info.plist;
				LD_RUNPATH_SEARCH_PATHS = (
					"$(inherited)",
					"@executable_path/Frameworks",
				);
				PRODUCT_BUNDLE_IDENTIFIER = com.lodgeblaid.FriendFace;
				PRODUCT_NAME = "$(TARGET_NAME)";
				SWIFT_VERSION = 5.0;
				TARGETED_DEVICE_FAMILY = "1,2";
			};
			name = Debug;
		};
		4653A5B924B9E78E000C1515 /* Release */ = {
			isa = XCBuildConfiguration;
			buildSettings = {
				ASSETCATALOG_COMPILER_APPICON_NAME = AppIcon;
				CODE_SIGN_STYLE = Automatic;
				DEVELOPMENT_TEAM = 73MP3ATTJU;
				INFOPLIST_FILE = FriendFace/Info.plist;
				LD_RUNPATH_SEARCH_PATHS = (
					"$(inherited)",
					"@executable_path/Frameworks",
				);
				PRODUCT_BUNDLE_IDENTIFIER = com.lodgeblaid.FriendFace;
				PRODUCT_NAME = "$(TARGET_NAME)";
				SWIFT_VERSION = 5.0;
				TARGETED_DEVICE_FAMILY = "1,2";
			};
			name = Release;
		};
		4653A5BB24B9E78E000C1515 /* Debug */ = {
			isa = XCBuildConfiguration;
			buildSettings = {
				ALWAYS_EMBED_SWIFT_STANDARD_LIBRARIES = YES;
				BUNDLE_LOADER = "$(TEST_HOST)";
				CODE_SIGN_STYLE = Automatic;
				DEVELOPMENT_TEAM = 73MP3ATTJU;
				INFOPLIST_FILE = FriendFaceTests/Info.plist;
				IPHONEOS_DEPLOYMENT_TARGET = 13.5;
				LD_RUNPATH_SEARCH_PATHS = (
					"$(inherited)",
					"@executable_path/Frameworks",
					"@loader_path/Frameworks",
				);
				PRODUCT_BUNDLE_IDENTIFIER = com.lodgeblaid.FriendFaceTests;
				PRODUCT_NAME = "$(TARGET_NAME)";
				SWIFT_VERSION = 5.0;
				TARGETED_DEVICE_FAMILY = "1,2";
				TEST_HOST = "$(BUILT_PRODUCTS_DIR)/FriendFace.app/FriendFace";
			};
			name = Debug;
		};
		4653A5BC24B9E78E000C1515 /* Release */ = {
			isa = XCBuildConfiguration;
			buildSettings = {
				ALWAYS_EMBED_SWIFT_STANDARD_LIBRARIES = YES;
				BUNDLE_LOADER = "$(TEST_HOST)";
				CODE_SIGN_STYLE = Automatic;
				DEVELOPMENT_TEAM = 73MP3ATTJU;
				INFOPLIST_FILE = FriendFaceTests/Info.plist;
				IPHONEOS_DEPLOYMENT_TARGET = 13.5;
				LD_RUNPATH_SEARCH_PATHS = (
					"$(inherited)",
					"@executable_path/Frameworks",
					"@loader_path/Frameworks",
				);
				PRODUCT_BUNDLE_IDENTIFIER = com.lodgeblaid.FriendFaceTests;
				PRODUCT_NAME = "$(TARGET_NAME)";
				SWIFT_VERSION = 5.0;
				TARGETED_DEVICE_FAMILY = "1,2";
				TEST_HOST = "$(BUILT_PRODUCTS_DIR)/FriendFace.app/FriendFace";
			};
			name = Release;
		};
/* End XCBuildConfiguration section */

/* Begin XCConfigurationList section */
		4653A59324B9E78A000C1515 /* Build configuration list for PBXProject "FriendFace" */ = {
			isa = XCConfigurationList;
			buildConfigurations = (
				4653A5B524B9E78E000C1515 /* Debug */,
				4653A5B624B9E78E000C1515 /* Release */,
			);
			defaultConfigurationIsVisible = 0;
			defaultConfigurationName = Release;
		};
		4653A5B724B9E78E000C1515 /* Build configuration list for PBXNativeTarget "FriendFace" */ = {
			isa = XCConfigurationList;
			buildConfigurations = (
				4653A5B824B9E78E000C1515 /* Debug */,
				4653A5B924B9E78E000C1515 /* Release */,
			);
			defaultConfigurationIsVisible = 0;
			defaultConfigurationName = Release;
		};
		4653A5BA24B9E78E000C1515 /* Build configuration list for PBXNativeTarget "FriendFaceTests" */ = {
			isa = XCConfigurationList;
			buildConfigurations = (
				4653A5BB24B9E78E000C1515 /* Debug */,
				4653A5BC24B9E78E000C1515 /* Release */,
			);
			defaultConfigurationIsVisible = 0;
			defaultConfigurationName = Release;
		};
/* End XCConfigurationList section */
	};
	rootObject = 4653A59024B9E78A000C1515 /* Project object */;
}
